
Microsoft Visual Studio Solution File, Format Version 12.00
# Visual Studio 15
VisualStudioVersion = 15.0.27703.2026
MinimumVisualStudioVersion = 10.0.40219.1
Project("{FAE04EC0-301F-11D3-BF4B-00C04F79EFBC}") = "Zaliczenie.Android", "Zaliczenie\Zaliczenie.Android\Zaliczenie.Android.csproj", "{29B5768E-F915-44A9-90E7-136E36B865C4}"
EndProject
Project("{FAE04EC0-301F-11D3-BF4B-00C04F79EFBC}") = "Zaliczenie.iOS", "Zaliczenie\Zaliczenie.iOS\Zaliczenie.iOS.csproj", "{9961D4F2-0979-4103-AD13-E4B78A2528EF}"
EndProject
Project("{FAE04EC0-301F-11D3-BF4B-00C04F79EFBC}") = "Zaliczenie.UWP", "Zaliczenie\Zaliczenie.UWP\Zaliczenie.UWP.csproj", "{286D7D96-CD9A-435C-9C6F-79356795E482}"
EndProject
Project("{9A19103F-16F7-4668-BE54-9A1E7A4F7556}") = "Zaliczenie", "Zaliczenie\Zaliczenie\Zaliczenie.csproj", "{ED2C764C-A19F-48CB-9529-6FE936B2BA72}"
EndProject
Global
	GlobalSection(SolutionConfigurationPlatforms) = preSolution
		Ad-Hoc|Any CPU = Ad-Hoc|Any CPU
		Ad-Hoc|ARM = Ad-Hoc|ARM
		Ad-Hoc|iPhone = Ad-Hoc|iPhone
		Ad-Hoc|iPhoneSimulator = Ad-Hoc|iPhoneSimulator
		Ad-Hoc|x64 = Ad-Hoc|x64
		Ad-Hoc|x86 = Ad-Hoc|x86
		AppStore|Any CPU = AppStore|Any CPU
		AppStore|ARM = AppStore|ARM
		AppStore|iPhone = AppStore|iPhone
		AppStore|iPhoneSimulator = AppStore|iPhoneSimulator
		AppStore|x64 = AppStore|x64
		AppStore|x86 = AppStore|x86
		Debug|Any CPU = Debug|Any CPU
		Debug|ARM = Debug|ARM
		Debug|iPhone = Debug|iPhone
		Debug|iPhoneSimulator = Debug|iPhoneSimulator
		Debug|x64 = Debug|x64
		Debug|x86 = Debug|x86
		Release|Any CPU = Release|Any CPU
		Release|ARM = Release|ARM
		Release|iPhone = Release|iPhone
		Release|iPhoneSimulator = Release|iPhoneSimulator
		Release|x64 = Release|x64
		Release|x86 = Release|x86
	EndGlobalSection
	GlobalSection(ProjectConfigurationPlatforms) = postSolution
		{29B5768E-F915-44A9-90E7-136E36B865C4}.Ad-Hoc|Any CPU.ActiveCfg = Release|Any CPU
		{29B5768E-F915-44A9-90E7-136E36B865C4}.Ad-Hoc|Any CPU.Build.0 = Release|Any CPU
		{29B5768E-F915-44A9-90E7-136E36B865C4}.Ad-Hoc|Any CPU.Deploy.0 = Release|Any CPU
		{29B5768E-F915-44A9-90E7-136E36B865C4}.Ad-Hoc|ARM.ActiveCfg = Release|Any CPU
		{29B5768E-F915-44A9-90E7-136E36B865C4}.Ad-Hoc|ARM.Build.0 = Release|Any CPU
		{29B5768E-F915-44A9-90E7-136E36B865C4}.Ad-Hoc|ARM.Deploy.0 = Release|Any CPU
		{29B5768E-F915-44A9-90E7-136E36B865C4}.Ad-Hoc|iPhone.ActiveCfg = Release|Any CPU
		{29B5768E-F915-44A9-90E7-136E36B865C4}.Ad-Hoc|iPhone.Build.0 = Release|Any CPU
		{29B5768E-F915-44A9-90E7-136E36B865C4}.Ad-Hoc|iPhone.Deploy.0 = Release|Any CPU
		{29B5768E-F915-44A9-90E7-136E36B865C4}.Ad-Hoc|iPhoneSimulator.ActiveCfg = Release|Any CPU
		{29B5768E-F915-44A9-90E7-136E36B865C4}.Ad-Hoc|iPhoneSimulator.Build.0 = Release|Any CPU
		{29B5768E-F915-44A9-90E7-136E36B865C4}.Ad-Hoc|iPhoneSimulator.Deploy.0 = Release|Any CPU
		{29B5768E-F915-44A9-90E7-136E36B865C4}.Ad-Hoc|x64.ActiveCfg = Release|Any CPU
		{29B5768E-F915-44A9-90E7-136E36B865C4}.Ad-Hoc|x64.Build.0 = Release|Any CPU
		{29B5768E-F915-44A9-90E7-136E36B865C4}.Ad-Hoc|x64.Deploy.0 = Release|Any CPU
		{29B5768E-F915-44A9-90E7-136E36B865C4}.Ad-Hoc|x86.ActiveCfg = Release|Any CPU
		{29B5768E-F915-44A9-90E7-136E36B865C4}.Ad-Hoc|x86.Build.0 = Release|Any CPU
		{29B5768E-F915-44A9-90E7-136E36B865C4}.Ad-Hoc|x86.Deploy.0 = Release|Any CPU
		{29B5768E-F915-44A9-90E7-136E36B865C4}.AppStore|Any CPU.ActiveCfg = Release|Any CPU
		{29B5768E-F915-44A9-90E7-136E36B865C4}.AppStore|Any CPU.Build.0 = Release|Any CPU
		{29B5768E-F915-44A9-90E7-136E36B865C4}.AppStore|Any CPU.Deploy.0 = Release|Any CPU
		{29B5768E-F915-44A9-90E7-136E36B865C4}.AppStore|ARM.ActiveCfg = Release|Any CPU
		{29B5768E-F915-44A9-90E7-136E36B865C4}.AppStore|ARM.Build.0 = Release|Any CPU
		{29B5768E-F915-44A9-90E7-136E36B865C4}.AppStore|ARM.Deploy.0 = Release|Any CPU
		{29B5768E-F915-44A9-90E7-136E36B865C4}.AppStore|iPhone.ActiveCfg = Release|Any CPU
		{29B5768E-F915-44A9-90E7-136E36B865C4}.AppStore|iPhone.Build.0 = Release|Any CPU
		{29B5768E-F915-44A9-90E7-136E36B865C4}.AppStore|iPhone.Deploy.0 = Release|Any CPU
		{29B5768E-F915-44A9-90E7-136E36B865C4}.AppStore|iPhoneSimulator.ActiveCfg = Release|Any CPU
		{29B5768E-F915-44A9-90E7-136E36B865C4}.AppStore|iPhoneSimulator.Build.0 = Release|Any CPU
		{29B5768E-F915-44A9-90E7-136E36B865C4}.AppStore|iPhoneSimulator.Deploy.0 = Release|Any CPU
		{29B5768E-F915-44A9-90E7-136E36B865C4}.AppStore|x64.ActiveCfg = Release|Any CPU
		{29B5768E-F915-44A9-90E7-136E36B865C4}.AppStore|x64.Build.0 = Release|Any CPU
		{29B5768E-F915-44A9-90E7-136E36B865C4}.AppStore|x64.Deploy.0 = Release|Any CPU
		{29B5768E-F915-44A9-90E7-136E36B865C4}.AppStore|x86.ActiveCfg = Release|Any CPU
		{29B5768E-F915-44A9-90E7-136E36B865C4}.AppStore|x86.Build.0 = Release|Any CPU
		{29B5768E-F915-44A9-90E7-136E36B865C4}.AppStore|x86.Deploy.0 = Release|Any CPU
		{29B5768E-F915-44A9-90E7-136E36B865C4}.Debug|Any CPU.ActiveCfg = Debug|Any CPU
		{29B5768E-F915-44A9-90E7-136E36B865C4}.Debug|Any CPU.Build.0 = Debug|Any CPU
		{29B5768E-F915-44A9-90E7-136E36B865C4}.Debug|Any CPU.Deploy.0 = Debug|Any CPU
		{29B5768E-F915-44A9-90E7-136E36B865C4}.Debug|ARM.ActiveCfg = Debug|Any CPU
		{29B5768E-F915-44A9-90E7-136E36B865C4}.Debug|ARM.Build.0 = Debug|Any CPU
		{29B5768E-F915-44A9-90E7-136E36B865C4}.Debug|ARM.Deploy.0 = Debug|Any CPU
		{29B5768E-F915-44A9-90E7-136E36B865C4}.Debug|iPhone.ActiveCfg = Debug|Any CPU
		{29B5768E-F915-44A9-90E7-136E36B865C4}.Debug|iPhone.Build.0 = Debug|Any CPU
		{29B5768E-F915-44A9-90E7-136E36B865C4}.Debug|iPhone.Deploy.0 = Debug|Any CPU
		{29B5768E-F915-44A9-90E7-136E36B865C4}.Debug|iPhoneSimulator.ActiveCfg = Debug|Any CPU
		{29B5768E-F915-44A9-90E7-136E36B865C4}.Debug|iPhoneSimulator.Build.0 = Debug|Any CPU
		{29B5768E-F915-44A9-90E7-136E36B865C4}.Debug|iPhoneSimulator.Deploy.0 = Debug|Any CPU
		{29B5768E-F915-44A9-90E7-136E36B865C4}.Debug|x64.ActiveCfg = Debug|Any CPU
		{29B5768E-F915-44A9-90E7-136E36B865C4}.Debug|x64.Build.0 = Debug|Any CPU
		{29B5768E-F915-44A9-90E7-136E36B865C4}.Debug|x64.Deploy.0 = Debug|Any CPU
		{29B5768E-F915-44A9-90E7-136E36B865C4}.Debug|x86.ActiveCfg = Debug|Any CPU
		{29B5768E-F915-44A9-90E7-136E36B865C4}.Debug|x86.Build.0 = Debug|Any CPU
		{29B5768E-F915-44A9-90E7-136E36B865C4}.Debug|x86.Deploy.0 = Debug|Any CPU
		{29B5768E-F915-44A9-90E7-136E36B865C4}.Release|Any CPU.ActiveCfg = Release|Any CPU
		{29B5768E-F915-44A9-90E7-136E36B865C4}.Release|Any CPU.Build.0 = Release|Any CPU
		{29B5768E-F915-44A9-90E7-136E36B865C4}.Release|Any CPU.Deploy.0 = Release|Any CPU
		{29B5768E-F915-44A9-90E7-136E36B865C4}.Release|ARM.ActiveCfg = Release|Any CPU
		{29B5768E-F915-44A9-90E7-136E36B865C4}.Release|ARM.Build.0 = Release|Any CPU
		{29B5768E-F915-44A9-90E7-136E36B865C4}.Release|ARM.Deploy.0 = Release|Any CPU
		{29B5768E-F915-44A9-90E7-136E36B865C4}.Release|iPhone.ActiveCfg = Release|Any CPU
		{29B5768E-F915-44A9-90E7-136E36B865C4}.Release|iPhone.Build.0 = Release|Any CPU
		{29B5768E-F915-44A9-90E7-136E36B865C4}.Release|iPhone.Deploy.0 = Release|Any CPU
		{29B5768E-F915-44A9-90E7-136E36B865C4}.Release|iPhoneSimulator.ActiveCfg = Release|Any CPU
		{29B5768E-F915-44A9-90E7-136E36B865C4}.Release|iPhoneSimulator.Build.0 = Release|Any CPU
		{29B5768E-F915-44A9-90E7-136E36B865C4}.Release|iPhoneSimulator.Deploy.0 = Release|Any CPU
		{29B5768E-F915-44A9-90E7-136E36B865C4}.Release|x64.ActiveCfg = Release|Any CPU
		{29B5768E-F915-44A9-90E7-136E36B865C4}.Release|x64.Build.0 = Release|Any CPU
		{29B5768E-F915-44A9-90E7-136E36B865C4}.Release|x64.Deploy.0 = Release|Any CPU
		{29B5768E-F915-44A9-90E7-136E36B865C4}.Release|x86.ActiveCfg = Release|Any CPU
		{29B5768E-F915-44A9-90E7-136E36B865C4}.Release|x86.Build.0 = Release|Any CPU
		{29B5768E-F915-44A9-90E7-136E36B865C4}.Release|x86.Deploy.0 = Release|Any CPU
		{9961D4F2-0979-4103-AD13-E4B78A2528EF}.Ad-Hoc|Any CPU.ActiveCfg = Ad-Hoc|iPhone
		{9961D4F2-0979-4103-AD13-E4B78A2528EF}.Ad-Hoc|Any CPU.Build.0 = Ad-Hoc|iPhone
		{9961D4F2-0979-4103-AD13-E4B78A2528EF}.Ad-Hoc|Any CPU.Deploy.0 = Ad-Hoc|iPhone
		{9961D4F2-0979-4103-AD13-E4B78A2528EF}.Ad-Hoc|ARM.ActiveCfg = Ad-Hoc|iPhone
		{9961D4F2-0979-4103-AD13-E4B78A2528EF}.Ad-Hoc|ARM.Build.0 = Ad-Hoc|iPhone
		{9961D4F2-0979-4103-AD13-E4B78A2528EF}.Ad-Hoc|ARM.Deploy.0 = Ad-Hoc|iPhone
		{9961D4F2-0979-4103-AD13-E4B78A2528EF}.Ad-Hoc|iPhone.ActiveCfg = Ad-Hoc|iPhone
		{9961D4F2-0979-4103-AD13-E4B78A2528EF}.Ad-Hoc|iPhone.Build.0 = Ad-Hoc|iPhone
		{9961D4F2-0979-4103-AD13-E4B78A2528EF}.Ad-Hoc|iPhone.Deploy.0 = Ad-Hoc|iPhone
		{9961D4F2-0979-4103-AD13-E4B78A2528EF}.Ad-Hoc|iPhoneSimulator.ActiveCfg = Ad-Hoc|iPhoneSimulator
		{9961D4F2-0979-4103-AD13-E4B78A2528EF}.Ad-Hoc|iPhoneSimulator.Build.0 = Ad-Hoc|iPhoneSimulator
		{9961D4F2-0979-4103-AD13-E4B78A2528EF}.Ad-Hoc|iPhoneSimulator.Deploy.0 = Ad-Hoc|iPhoneSimulator
		{9961D4F2-0979-4103-AD13-E4B78A2528EF}.Ad-Hoc|x64.ActiveCfg = Ad-Hoc|iPhone
		{9961D4F2-0979-4103-AD13-E4B78A2528EF}.Ad-Hoc|x64.Build.0 = Ad-Hoc|iPhone
		{9961D4F2-0979-4103-AD13-E4B78A2528EF}.Ad-Hoc|x64.Deploy.0 = Ad-Hoc|iPhone
		{9961D4F2-0979-4103-AD13-E4B78A2528EF}.Ad-Hoc|x86.ActiveCfg = Ad-Hoc|iPhone
		{9961D4F2-0979-4103-AD13-E4B78A2528EF}.Ad-Hoc|x86.Build.0 = Ad-Hoc|iPhone
		{9961D4F2-0979-4103-AD13-E4B78A2528EF}.Ad-Hoc|x86.Deploy.0 = Ad-Hoc|iPhone
		{9961D4F2-0979-4103-AD13-E4B78A2528EF}.AppStore|Any CPU.ActiveCfg = AppStore|iPhone
		{9961D4F2-0979-4103-AD13-E4B78A2528EF}.AppStore|Any CPU.Build.0 = AppStore|iPhone
		{9961D4F2-0979-4103-AD13-E4B78A2528EF}.AppStore|Any CPU.Deploy.0 = AppStore|iPhone
		{9961D4F2-0979-4103-AD13-E4B78A2528EF}.AppStore|ARM.ActiveCfg = AppStore|iPhone
		{9961D4F2-0979-4103-AD13-E4B78A2528EF}.AppStore|ARM.Build.0 = AppStore|iPhone
		{9961D4F2-0979-4103-AD13-E4B78A2528EF}.AppStore|ARM.Deploy.0 = AppStore|iPhone
		{9961D4F2-0979-4103-AD13-E4B78A2528EF}.AppStore|iPhone.ActiveCfg = AppStore|iPhone
		{9961D4F2-0979-4103-AD13-E4B78A2528EF}.AppStore|iPhone.Build.0 = AppStore|iPhone
		{9961D4F2-0979-4103-AD13-E4B78A2528EF}.AppStore|iPhone.Deploy.0 = AppStore|iPhone
		{9961D4F2-0979-4103-AD13-E4B78A2528EF}.AppStore|iPhoneSimulator.ActiveCfg = AppStore|iPhoneSimulator
		{9961D4F2-0979-4103-AD13-E4B78A2528EF}.AppStore|iPhoneSimulator.Build.0 = AppStore|iPhoneSimulator
		{9961D4F2-0979-4103-AD13-E4B78A2528EF}.AppStore|iPhoneSimulator.Deploy.0 = AppStore|iPhoneSimulator
		{9961D4F2-0979-4103-AD13-E4B78A2528EF}.AppStore|x64.ActiveCfg = AppStore|iPhone
		{9961D4F2-0979-4103-AD13-E4B78A2528EF}.AppStore|x64.Build.0 = AppStore|iPhone
		{9961D4F2-0979-4103-AD13-E4B78A2528EF}.AppStore|x64.Deploy.0 = AppStore|iPhone
		{9961D4F2-0979-4103-AD13-E4B78A2528EF}.AppStore|x86.ActiveCfg = AppStore|iPhone
		{9961D4F2-0979-4103-AD13-E4B78A2528EF}.AppStore|x86.Build.0 = AppStore|iPhone
		{9961D4F2-0979-4103-AD13-E4B78A2528EF}.AppStore|x86.Deploy.0 = AppStore|iPhone
		{9961D4F2-0979-4103-AD13-E4B78A2528EF}.Debug|Any CPU.ActiveCfg = Debug|iPhoneSimulator
		{9961D4F2-0979-4103-AD13-E4B78A2528EF}.Debug|Any CPU.Build.0 = Debug|iPhoneSimulator
		{9961D4F2-0979-4103-AD13-E4B78A2528EF}.Debug|Any CPU.Deploy.0 = Debug|iPhoneSimulator
		{9961D4F2-0979-4103-AD13-E4B78A2528EF}.Debug|ARM.ActiveCfg = Debug|iPhone
		{9961D4F2-0979-4103-AD13-E4B78A2528EF}.Debug|ARM.Build.0 = Debug|iPhone
		{9961D4F2-0979-4103-AD13-E4B78A2528EF}.Debug|ARM.Deploy.0 = Debug|iPhone
		{9961D4F2-0979-4103-AD13-E4B78A2528EF}.Debug|iPhone.ActiveCfg = Debug|iPhone
		{9961D4F2-0979-4103-AD13-E4B78A2528EF}.Debug|iPhone.Build.0 = Debug|iPhone
		{9961D4F2-0979-4103-AD13-E4B78A2528EF}.Debug|iPhone.Deploy.0 = Debug|iPhone
		{9961D4F2-0979-4103-AD13-E4B78A2528EF}.Debug|iPhoneSimulator.ActiveCfg = Debug|iPhoneSimulator
		{9961D4F2-0979-4103-AD13-E4B78A2528EF}.Debug|iPhoneSimulator.Build.0 = Debug|iPhoneSimulator
		{9961D4F2-0979-4103-AD13-E4B78A2528EF}.Debug|iPhoneSimulator.Deploy.0 = Debug|iPhoneSimulator
		{9961D4F2-0979-4103-AD13-E4B78A2528EF}.Debug|x64.ActiveCfg = Debug|iPhone
		{9961D4F2-0979-4103-AD13-E4B78A2528EF}.Debug|x64.Build.0 = Debug|iPhone
		{9961D4F2-0979-4103-AD13-E4B78A2528EF}.Debug|x64.Deploy.0 = Debug|iPhone
		{9961D4F2-0979-4103-AD13-E4B78A2528EF}.Debug|x86.ActiveCfg = Debug|iPhone
		{9961D4F2-0979-4103-AD13-E4B78A2528EF}.Debug|x86.Build.0 = Debug|iPhone
		{9961D4F2-0979-4103-AD13-E4B78A2528EF}.Debug|x86.Deploy.0 = Debug|iPhone
		{9961D4F2-0979-4103-AD13-E4B78A2528EF}.Release|Any CPU.ActiveCfg = Release|iPhone
		{9961D4F2-0979-4103-AD13-E4B78A2528EF}.Release|Any CPU.Build.0 = Release|iPhone
		{9961D4F2-0979-4103-AD13-E4B78A2528EF}.Release|Any CPU.Deploy.0 = Release|iPhone
		{9961D4F2-0979-4103-AD13-E4B78A2528EF}.Release|ARM.ActiveCfg = Release|iPhone
		{9961D4F2-0979-4103-AD13-E4B78A2528EF}.Release|ARM.Build.0 = Release|iPhone
		{9961D4F2-0979-4103-AD13-E4B78A2528EF}.Release|ARM.Deploy.0 = Release|iPhone
		{9961D4F2-0979-4103-AD13-E4B78A2528EF}.Release|iPhone.ActiveCfg = Release|iPhone
		{9961D4F2-0979-4103-AD13-E4B78A2528EF}.Release|iPhone.Build.0 = Release|iPhone
		{9961D4F2-0979-4103-AD13-E4B78A2528EF}.Release|iPhone.Deploy.0 = Release|iPhone
		{9961D4F2-0979-4103-AD13-E4B78A2528EF}.Release|iPhoneSimulator.ActiveCfg = Release|iPhoneSimulator
		{9961D4F2-0979-4103-AD13-E4B78A2528EF}.Release|iPhoneSimulator.Build.0 = Release|iPhoneSimulator
		{9961D4F2-0979-4103-AD13-E4B78A2528EF}.Release|iPhoneSimulator.Deploy.0 = Release|iPhoneSimulator
		{9961D4F2-0979-4103-AD13-E4B78A2528EF}.Release|x64.ActiveCfg = Release|iPhone
		{9961D4F2-0979-4103-AD13-E4B78A2528EF}.Release|x64.Build.0 = Release|iPhone
		{9961D4F2-0979-4103-AD13-E4B78A2528EF}.Release|x64.Deploy.0 = Release|iPhone
		{9961D4F2-0979-4103-AD13-E4B78A2528EF}.Release|x86.ActiveCfg = Release|iPhone
		{9961D4F2-0979-4103-AD13-E4B78A2528EF}.Release|x86.Build.0 = Release|iPhone
		{9961D4F2-0979-4103-AD13-E4B78A2528EF}.Release|x86.Deploy.0 = Release|iPhone
		{286D7D96-CD9A-435C-9C6F-79356795E482}.Ad-Hoc|Any CPU.ActiveCfg = Release|x86
		{286D7D96-CD9A-435C-9C6F-79356795E482}.Ad-Hoc|Any CPU.Build.0 = Release|x86
		{286D7D96-CD9A-435C-9C6F-79356795E482}.Ad-Hoc|Any CPU.Deploy.0 = Release|x86
		{286D7D96-CD9A-435C-9C6F-79356795E482}.Ad-Hoc|ARM.ActiveCfg = Release|ARM
		{286D7D96-CD9A-435C-9C6F-79356795E482}.Ad-Hoc|ARM.Build.0 = Release|ARM
		{286D7D96-CD9A-435C-9C6F-79356795E482}.Ad-Hoc|ARM.Deploy.0 = Release|ARM
		{286D7D96-CD9A-435C-9C6F-79356795E482}.Ad-Hoc|iPhone.ActiveCfg = Release|x86
		{286D7D96-CD9A-435C-9C6F-79356795E482}.Ad-Hoc|iPhone.Build.0 = Release|x86
		{286D7D96-CD9A-435C-9C6F-79356795E482}.Ad-Hoc|iPhone.Deploy.0 = Release|x86
		{286D7D96-CD9A-435C-9C6F-79356795E482}.Ad-Hoc|iPhoneSimulator.ActiveCfg = Release|x86
		{286D7D96-CD9A-435C-9C6F-79356795E482}.Ad-Hoc|iPhoneSimulator.Build.0 = Release|x86
		{286D7D96-CD9A-435C-9C6F-79356795E482}.Ad-Hoc|iPhoneSimulator.Deploy.0 = Release|x86
		{286D7D96-CD9A-435C-9C6F-79356795E482}.Ad-Hoc|x64.ActiveCfg = Release|x64
		{286D7D96-CD9A-435C-9C6F-79356795E482}.Ad-Hoc|x64.Build.0 = Release|x64
		{286D7D96-CD9A-435C-9C6F-79356795E482}.Ad-Hoc|x64.Deploy.0 = Release|x64
		{286D7D96-CD9A-435C-9C6F-79356795E482}.Ad-Hoc|x86.ActiveCfg = Release|x86
		{286D7D96-CD9A-435C-9C6F-79356795E482}.Ad-Hoc|x86.Build.0 = Release|x86
		{286D7D96-CD9A-435C-9C6F-79356795E482}.Ad-Hoc|x86.Deploy.0 = Release|x86
		{286D7D96-CD9A-435C-9C6F-79356795E482}.AppStore|Any CPU.ActiveCfg = Release|x86
		{286D7D96-CD9A-435C-9C6F-79356795E482}.AppStore|Any CPU.Build.0 = Release|x86
		{286D7D96-CD9A-435C-9C6F-79356795E482}.AppStore|Any CPU.Deploy.0 = Release|x86
		{286D7D96-CD9A-435C-9C6F-79356795E482}.AppStore|ARM.ActiveCfg = Release|ARM
		{286D7D96-CD9A-435C-9C6F-79356795E482}.AppStore|ARM.Build.0 = Release|ARM
		{286D7D96-CD9A-435C-9C6F-79356795E482}.AppStore|ARM.Deploy.0 = Release|ARM
		{286D7D96-CD9A-435C-9C6F-79356795E482}.AppStore|iPhone.ActiveCfg = Release|x86
		{286D7D96-CD9A-435C-9C6F-79356795E482}.AppStore|iPhone.Build.0 = Release|x86
		{286D7D96-CD9A-435C-9C6F-79356795E482}.AppStore|iPhone.Deploy.0 = Release|x86
		{286D7D96-CD9A-435C-9C6F-79356795E482}.AppStore|iPhoneSimulator.ActiveCfg = Release|x86
		{286D7D96-CD9A-435C-9C6F-79356795E482}.AppStore|iPhoneSimulator.Build.0 = Release|x86
		{286D7D96-CD9A-435C-9C6F-79356795E482}.AppStore|iPhoneSimulator.Deploy.0 = Release|x86
		{286D7D96-CD9A-435C-9C6F-79356795E482}.AppStore|x64.ActiveCfg = Release|x64
		{286D7D96-CD9A-435C-9C6F-79356795E482}.AppStore|x64.Build.0 = Release|x64
		{286D7D96-CD9A-435C-9C6F-79356795E482}.AppStore|x64.Deploy.0 = Release|x64
		{286D7D96-CD9A-435C-9C6F-79356795E482}.AppStore|x86.ActiveCfg = Release|x86
		{286D7D96-CD9A-435C-9C6F-79356795E482}.AppStore|x86.Build.0 = Release|x86
		{286D7D96-CD9A-435C-9C6F-79356795E482}.AppStore|x86.Deploy.0 = Release|x86
		{286D7D96-CD9A-435C-9C6F-79356795E482}.Debug|Any CPU.ActiveCfg = Debug|x86
		{286D7D96-CD9A-435C-9C6F-79356795E482}.Debug|Any CPU.Build.0 = Debug|x86
		{286D7D96-CD9A-435C-9C6F-79356795E482}.Debug|Any CPU.Deploy.0 = Debug|x86
		{286D7D96-CD9A-435C-9C6F-79356795E482}.Debug|ARM.ActiveCfg = Debug|ARM
		{286D7D96-CD9A-435C-9C6F-79356795E482}.Debug|ARM.Build.0 = Debug|ARM
		{286D7D96-CD9A-435C-9C6F-79356795E482}.Debug|ARM.Deploy.0 = Debug|ARM
		{286D7D96-CD9A-435C-9C6F-79356795E482}.Debug|iPhone.ActiveCfg = Debug|x86
		{286D7D96-CD9A-435C-9C6F-79356795E482}.Debug|iPhone.Build.0 = Debug|x86
		{286D7D96-CD9A-435C-9C6F-79356795E482}.Debug|iPhone.Deploy.0 = Debug|x86
		{286D7D96-CD9A-435C-9C6F-79356795E482}.Debug|iPhoneSimulator.ActiveCfg = Debug|x86
		{286D7D96-CD9A-435C-9C6F-79356795E482}.Debug|iPhoneSimulator.Build.0 = Debug|x86
		{286D7D96-CD9A-435C-9C6F-79356795E482}.Debug|iPhoneSimulator.Deploy.0 = Debug|x86
		{286D7D96-CD9A-435C-9C6F-79356795E482}.Debug|x64.ActiveCfg = Debug|x64
		{286D7D96-CD9A-435C-9C6F-79356795E482}.Debug|x64.Build.0 = Debug|x64
		{286D7D96-CD9A-435C-9C6F-79356795E482}.Debug|x64.Deploy.0 = Debug|x64
		{286D7D96-CD9A-435C-9C6F-79356795E482}.Debug|x86.ActiveCfg = Debug|x86
		{286D7D96-CD9A-435C-9C6F-79356795E482}.Debug|x86.Build.0 = Debug|x86
		{286D7D96-CD9A-435C-9C6F-79356795E482}.Debug|x86.Deploy.0 = Debug|x86
		{286D7D96-CD9A-435C-9C6F-79356795E482}.Release|Any CPU.ActiveCfg = Release|x86
		{286D7D96-CD9A-435C-9C6F-79356795E482}.Release|Any CPU.Build.0 = Release|x86
		{286D7D96-CD9A-435C-9C6F-79356795E482}.Release|Any CPU.Deploy.0 = Release|x86
		{286D7D96-CD9A-435C-9C6F-79356795E482}.Release|ARM.ActiveCfg = Release|ARM
		{286D7D96-CD9A-435C-9C6F-79356795E482}.Release|ARM.Build.0 = Release|ARM
		{286D7D96-CD9A-435C-9C6F-79356795E482}.Release|ARM.Deploy.0 = Release|ARM
		{286D7D96-CD9A-435C-9C6F-79356795E482}.Release|iPhone.ActiveCfg = Release|x86
		{286D7D96-CD9A-435C-9C6F-79356795E482}.Release|iPhone.Build.0 = Release|x86
		{286D7D96-CD9A-435C-9C6F-79356795E482}.Release|iPhone.Deploy.0 = Release|x86
		{286D7D96-CD9A-435C-9C6F-79356795E482}.Release|iPhoneSimulator.ActiveCfg = Release|x86
		{286D7D96-CD9A-435C-9C6F-79356795E482}.Release|iPhoneSimulator.Build.0 = Release|x86
		{286D7D96-CD9A-435C-9C6F-79356795E482}.Release|iPhoneSimulator.Deploy.0 = Release|x86
		{286D7D96-CD9A-435C-9C6F-79356795E482}.Release|x64.ActiveCfg = Release|x64
		{286D7D96-CD9A-435C-9C6F-79356795E482}.Release|x64.Build.0 = Release|x64
		{286D7D96-CD9A-435C-9C6F-79356795E482}.Release|x64.Deploy.0 = Release|x64
		{286D7D96-CD9A-435C-9C6F-79356795E482}.Release|x86.ActiveCfg = Release|x86
		{286D7D96-CD9A-435C-9C6F-79356795E482}.Release|x86.Build.0 = Release|x86
		{286D7D96-CD9A-435C-9C6F-79356795E482}.Release|x86.Deploy.0 = Release|x86
		{ED2C764C-A19F-48CB-9529-6FE936B2BA72}.Ad-Hoc|Any CPU.ActiveCfg = Debug|Any CPU
		{ED2C764C-A19F-48CB-9529-6FE936B2BA72}.Ad-Hoc|Any CPU.Build.0 = Debug|Any CPU
		{ED2C764C-A19F-48CB-9529-6FE936B2BA72}.Ad-Hoc|Any CPU.Deploy.0 = Debug|Any CPU
		{ED2C764C-A19F-48CB-9529-6FE936B2BA72}.Ad-Hoc|ARM.ActiveCfg = Debug|Any CPU
		{ED2C764C-A19F-48CB-9529-6FE936B2BA72}.Ad-Hoc|ARM.Build.0 = Debug|Any CPU
		{ED2C764C-A19F-48CB-9529-6FE936B2BA72}.Ad-Hoc|ARM.Deploy.0 = Debug|Any CPU
		{ED2C764C-A19F-48CB-9529-6FE936B2BA72}.Ad-Hoc|iPhone.ActiveCfg = Debug|Any CPU
		{ED2C764C-A19F-48CB-9529-6FE936B2BA72}.Ad-Hoc|iPhone.Build.0 = Debug|Any CPU
		{ED2C764C-A19F-48CB-9529-6FE936B2BA72}.Ad-Hoc|iPhone.Deploy.0 = Debug|Any CPU
		{ED2C764C-A19F-48CB-9529-6FE936B2BA72}.Ad-Hoc|iPhoneSimulator.ActiveCfg = Debug|Any CPU
		{ED2C764C-A19F-48CB-9529-6FE936B2BA72}.Ad-Hoc|iPhoneSimulator.Build.0 = Debug|Any CPU
		{ED2C764C-A19F-48CB-9529-6FE936B2BA72}.Ad-Hoc|iPhoneSimulator.Deploy.0 = Debug|Any CPU
		{ED2C764C-A19F-48CB-9529-6FE936B2BA72}.Ad-Hoc|x64.ActiveCfg = Debug|Any CPU
		{ED2C764C-A19F-48CB-9529-6FE936B2BA72}.Ad-Hoc|x64.Build.0 = Debug|Any CPU
		{ED2C764C-A19F-48CB-9529-6FE936B2BA72}.Ad-Hoc|x64.Deploy.0 = Debug|Any CPU
		{ED2C764C-A19F-48CB-9529-6FE936B2BA72}.Ad-Hoc|x86.ActiveCfg = Debug|Any CPU
		{ED2C764C-A19F-48CB-9529-6FE936B2BA72}.Ad-Hoc|x86.Build.0 = Debug|Any CPU
		{ED2C764C-A19F-48CB-9529-6FE936B2BA72}.Ad-Hoc|x86.Deploy.0 = Debug|Any CPU
		{ED2C764C-A19F-48CB-9529-6FE936B2BA72}.AppStore|Any CPU.ActiveCfg = Debug|Any CPU
		{ED2C764C-A19F-48CB-9529-6FE936B2BA72}.AppStore|Any CPU.Build.0 = Debug|Any CPU
		{ED2C764C-A19F-48CB-9529-6FE936B2BA72}.AppStore|Any CPU.Deploy.0 = Debug|Any CPU
		{ED2C764C-A19F-48CB-9529-6FE936B2BA72}.AppStore|ARM.ActiveCfg = Debug|Any CPU
		{ED2C764C-A19F-48CB-9529-6FE936B2BA72}.AppStore|ARM.Build.0 = Debug|Any CPU
		{ED2C764C-A19F-48CB-9529-6FE936B2BA72}.AppStore|ARM.Deploy.0 = Debug|Any CPU
		{ED2C764C-A19F-48CB-9529-6FE936B2BA72}.AppStore|iPhone.ActiveCfg = Debug|Any CPU
		{ED2C764C-A19F-48CB-9529-6FE936B2BA72}.AppStore|iPhone.Build.0 = Debug|Any CPU
		{ED2C764C-A19F-48CB-9529-6FE936B2BA72}.AppStore|iPhone.Deploy.0 = Debug|Any CPU
		{ED2C764C-A19F-48CB-9529-6FE936B2BA72}.AppStore|iPhoneSimulator.ActiveCfg = Debug|Any CPU
		{ED2C764C-A19F-48CB-9529-6FE936B2BA72}.AppStore|iPhoneSimulator.Build.0 = Debug|Any CPU
		{ED2C764C-A19F-48CB-9529-6FE936B2BA72}.AppStore|iPhoneSimulator.Deploy.0 = Debug|Any CPU
		{ED2C764C-A19F-48CB-9529-6FE936B2BA72}.AppStore|x64.ActiveCfg = Debug|Any CPU
		{ED2C764C-A19F-48CB-9529-6FE936B2BA72}.AppStore|x64.Build.0 = Debug|Any CPU
		{ED2C764C-A19F-48CB-9529-6FE936B2BA72}.AppStore|x64.Deploy.0 = Debug|Any CPU
		{ED2C764C-A19F-48CB-9529-6FE936B2BA72}.AppStore|x86.ActiveCfg = Debug|Any CPU
		{ED2C764C-A19F-48CB-9529-6FE936B2BA72}.AppStore|x86.Build.0 = Debug|Any CPU
		{ED2C764C-A19F-48CB-9529-6FE936B2BA72}.AppStore|x86.Deploy.0 = Debug|Any CPU
		{ED2C764C-A19F-48CB-9529-6FE936B2BA72}.Debug|Any CPU.ActiveCfg = Debug|Any CPU
		{ED2C764C-A19F-48CB-9529-6FE936B2BA72}.Debug|Any CPU.Build.0 = Debug|Any CPU
		{ED2C764C-A19F-48CB-9529-6FE936B2BA72}.Debug|Any CPU.Deploy.0 = Debug|Any CPU
		{ED2C764C-A19F-48CB-9529-6FE936B2BA72}.Debug|ARM.ActiveCfg = Debug|Any CPU
		{ED2C764C-A19F-48CB-9529-6FE936B2BA72}.Debug|ARM.Build.0 = Debug|Any CPU
		{ED2C764C-A19F-48CB-9529-6FE936B2BA72}.Debug|ARM.Deploy.0 = Debug|Any CPU
		{ED2C764C-A19F-48CB-9529-6FE936B2BA72}.Debug|iPhone.ActiveCfg = Debug|Any CPU
		{ED2C764C-A19F-48CB-9529-6FE936B2BA72}.Debug|iPhone.Build.0 = Debug|Any CPU
		{ED2C764C-A19F-48CB-9529-6FE936B2BA72}.Debug|iPhone.Deploy.0 = Debug|Any CPU
		{ED2C764C-A19F-48CB-9529-6FE936B2BA72}.Debug|iPhoneSimulator.ActiveCfg = Debug|Any CPU
		{ED2C764C-A19F-48CB-9529-6FE936B2BA72}.Debug|iPhoneSimulator.Build.0 = Debug|Any CPU
		{ED2C764C-A19F-48CB-9529-6FE936B2BA72}.Debug|iPhoneSimulator.Deploy.0 = Debug|Any CPU
		{ED2C764C-A19F-48CB-9529-6FE936B2BA72}.Debug|x64.ActiveCfg = Debug|Any CPU
		{ED2C764C-A19F-48CB-9529-6FE936B2BA72}.Debug|x64.Build.0 = Debug|Any CPU
		{ED2C764C-A19F-48CB-9529-6FE936B2BA72}.Debug|x64.Deploy.0 = Debug|Any CPU
		{ED2C764C-A19F-48CB-9529-6FE936B2BA72}.Debug|x86.ActiveCfg = Debug|Any CPU
		{ED2C764C-A19F-48CB-9529-6FE936B2BA72}.Debug|x86.Build.0 = Debug|Any CPU
		{ED2C764C-A19F-48CB-9529-6FE936B2BA72}.Debug|x86.Deploy.0 = Debug|Any CPU
		{ED2C764C-A19F-48CB-9529-6FE936B2BA72}.Release|Any CPU.ActiveCfg = Release|Any CPU
		{ED2C764C-A19F-48CB-9529-6FE936B2BA72}.Release|Any CPU.Build.0 = Release|Any CPU
		{ED2C764C-A19F-48CB-9529-6FE936B2BA72}.Release|Any CPU.Deploy.0 = Release|Any CPU
		{ED2C764C-A19F-48CB-9529-6FE936B2BA72}.Release|ARM.ActiveCfg = Release|Any CPU
		{ED2C764C-A19F-48CB-9529-6FE936B2BA72}.Release|ARM.Build.0 = Release|Any CPU
		{ED2C764C-A19F-48CB-9529-6FE936B2BA72}.Release|ARM.Deploy.0 = Release|Any CPU
		{ED2C764C-A19F-48CB-9529-6FE936B2BA72}.Release|iPhone.ActiveCfg = Release|Any CPU
		{ED2C764C-A19F-48CB-9529-6FE936B2BA72}.Release|iPhone.Build.0 = Release|Any CPU
		{ED2C764C-A19F-48CB-9529-6FE936B2BA72}.Release|iPhone.Deploy.0 = Release|Any CPU
		{ED2C764C-A19F-48CB-9529-6FE936B2BA72}.Release|iPhoneSimulator.ActiveCfg = Release|Any CPU
		{ED2C764C-A19F-48CB-9529-6FE936B2BA72}.Release|iPhoneSimulator.Build.0 = Release|Any CPU
		{ED2C764C-A19F-48CB-9529-6FE936B2BA72}.Release|iPhoneSimulator.Deploy.0 = Release|Any CPU
		{ED2C764C-A19F-48CB-9529-6FE936B2BA72}.Release|x64.ActiveCfg = Release|Any CPU
		{ED2C764C-A19F-48CB-9529-6FE936B2BA72}.Release|x64.Build.0 = Release|Any CPU
		{ED2C764C-A19F-48CB-9529-6FE936B2BA72}.Release|x64.Deploy.0 = Release|Any CPU
		{ED2C764C-A19F-48CB-9529-6FE936B2BA72}.Release|x86.ActiveCfg = Release|Any CPU
		{ED2C764C-A19F-48CB-9529-6FE936B2BA72}.Release|x86.Build.0 = Release|Any CPU
		{ED2C764C-A19F-48CB-9529-6FE936B2BA72}.Release|x86.Deploy.0 = Release|Any CPU
	EndGlobalSection
	GlobalSection(SolutionProperties) = preSolution
		HideSolutionNode = FALSE
	EndGlobalSection
	GlobalSection(ExtensibilityGlobals) = postSolution
		SolutionGuid = {C784F3FF-356C-4BBA-9DE8-71BB9DA8D096}
	EndGlobalSection
EndGlobal
